
Microsoft Visual Studio Solution File, Format Version 12.00
# Visual Studio Version 17
VisualStudioVersion = 17.1.32328.378
MinimumVisualStudioVersion = 10.0.40219.1
Project("{FAE04EC0-301F-11D3-BF4B-00C04F79EFBC}") = "Semana02_UESAN_Consola", "Semana02_UESAN_Consola.csproj", "{B51D457F-8FE4-4E8F-BF27-4D2F992437B5}"
EndProject
Global
	GlobalSection(SolutionConfigurationPlatforms) = preSolution
		Debug|Any CPU = Debug|Any CPU
		Release|Any CPU = Release|Any CPU
	EndGlobalSection
	GlobalSection(ProjectConfigurationPlatforms) = postSolution
		{B51D457F-8FE4-4E8F-BF27-4D2F992437B5}.Debug|Any CPU.ActiveCfg = Debug|Any CPU
		{B51D457F-8FE4-4E8F-BF27-4D2F992437B5}.Debug|Any CPU.Build.0 = Debug|Any CPU
		{B51D457F-8FE4-4E8F-BF27-4D2F992437B5}.Release|Any CPU.ActiveCfg = Release|Any CPU
		{B51D457F-8FE4-4E8F-BF27-4D2F992437B5}.Release|Any CPU.Build.0 = Release|Any CPU
	EndGlobalSection
	GlobalSection(SolutionProperties) = preSolution
		HideSolutionNode = FALSE
	EndGlobalSection
	GlobalSection(ExtensibilityGlobals) = postSolution
		SolutionGuid = {5E031B82-C7C7-4C01-BFE8-594A72983A6E}
	EndGlobalSection
EndGlobal
